<Solution>
  <Folder Name="/Solution Items/">
    <File Path="../docker-compose.yml" />
  </Folder>
  <Folder Name="/src/">
    <Project Path="../Application/Application.csproj" />
    <Project Path="../Domain/Domain.csproj" />
    <Project Path="../Infrastructure/Infrastructure.csproj" />
    <Project Path="ProductApiAssessment.csproj" />
  </Folder>
  <Project Path="../../tests/API.Tests/API.Tests.csproj" />
  <Project Path="../../tests/Application.Tests/Application.Tests.csproj" />
  <Project Path="../../tests/Infrastructure.Tests/Infrastructure.Tests.csproj" />
</Solution>
